
Microsoft Visual Studio Solution File, Format Version 12.00
# Visual Studio Version 17
VisualStudioVersion = 17.7.34031.279
MinimumVisualStudioVersion = 10.0.40219.1
Project("{FAE04EC0-301F-11D3-BF4B-00C04F79EFBC}") = "arrayTaskClassroom", "arrayTaskClassroom\arrayTaskClassroom.csproj", "{EDADD9C9-8780-41CA-9972-96BBD748E842}"
EndProject
Global
	GlobalSection(SolutionConfigurationPlatforms) = preSolution
		Debug|Any CPU = Debug|Any CPU
		Release|Any CPU = Release|Any CPU
	EndGlobalSection
	GlobalSection(ProjectConfigurationPlatforms) = postSolution
		{EDADD9C9-8780-41CA-9972-96BBD748E842}.Debug|Any CPU.ActiveCfg = Debug|Any CPU
		{EDADD9C9-8780-41CA-9972-96BBD748E842}.Debug|Any CPU.Build.0 = Debug|Any CPU
		{EDADD9C9-8780-41CA-9972-96BBD748E842}.Release|Any CPU.ActiveCfg = Release|Any CPU
		{EDADD9C9-8780-41CA-9972-96BBD748E842}.Release|Any CPU.Build.0 = Release|Any CPU
	EndGlobalSection
	GlobalSection(SolutionProperties) = preSolution
		HideSolutionNode = FALSE
	EndGlobalSection
	GlobalSection(ExtensibilityGlobals) = postSolution
		SolutionGuid = {9D64B534-2F36-439A-BC2B-9518C9786BE9}
	EndGlobalSection
EndGlobal
